
Microsoft Visual Studio Solution File, Format Version 12.00
# Visual Studio 15
VisualStudioVersion = 15.0.28307.757
MinimumVisualStudioVersion = 10.0.40219.1
Project("{FAE04EC0-301F-11D3-BF4B-00C04F79EFBC}") = "GameServer", "GameServer\GameServer.csproj", "{564890FD-D691-48AB-A16B-0631876F4C0E}"
EndProject
Project("{FAE04EC0-301F-11D3-BF4B-00C04F79EFBC}") = "ChcServer", "ChcServer\ChcServer.csproj", "{980209C5-B168-4794-A263-86BD7BBF3C12}"
EndProject
Project("{FAE04EC0-301F-11D3-BF4B-00C04F79EFBC}") = "Protocol", "Protocol\Protocol.csproj", "{310E9DF0-B8C0-4E22-B4B0-8D16AA2CD925}"
EndProject
Global
	GlobalSection(SolutionConfigurationPlatforms) = preSolution
		Debug|Any CPU = Debug|Any CPU
		Release|Any CPU = Release|Any CPU
	EndGlobalSection
	GlobalSection(ProjectConfigurationPlatforms) = postSolution
		{564890FD-D691-48AB-A16B-0631876F4C0E}.Debug|Any CPU.ActiveCfg = Debug|Any CPU
		{564890FD-D691-48AB-A16B-0631876F4C0E}.Debug|Any CPU.Build.0 = Debug|Any CPU
		{564890FD-D691-48AB-A16B-0631876F4C0E}.Release|Any CPU.ActiveCfg = Release|Any CPU
		{564890FD-D691-48AB-A16B-0631876F4C0E}.Release|Any CPU.Build.0 = Release|Any CPU
		{980209C5-B168-4794-A263-86BD7BBF3C12}.Debug|Any CPU.ActiveCfg = Debug|Any CPU
		{980209C5-B168-4794-A263-86BD7BBF3C12}.Debug|Any CPU.Build.0 = Debug|Any CPU
		{980209C5-B168-4794-A263-86BD7BBF3C12}.Release|Any CPU.ActiveCfg = Release|Any CPU
		{980209C5-B168-4794-A263-86BD7BBF3C12}.Release|Any CPU.Build.0 = Release|Any CPU
		{310E9DF0-B8C0-4E22-B4B0-8D16AA2CD925}.Debug|Any CPU.ActiveCfg = Debug|Any CPU
		{310E9DF0-B8C0-4E22-B4B0-8D16AA2CD925}.Debug|Any CPU.Build.0 = Debug|Any CPU
		{310E9DF0-B8C0-4E22-B4B0-8D16AA2CD925}.Release|Any CPU.ActiveCfg = Release|Any CPU
		{310E9DF0-B8C0-4E22-B4B0-8D16AA2CD925}.Release|Any CPU.Build.0 = Release|Any CPU
	EndGlobalSection
	GlobalSection(SolutionProperties) = preSolution
		HideSolutionNode = FALSE
	EndGlobalSection
	GlobalSection(ExtensibilityGlobals) = postSolution
		SolutionGuid = {DBDFC47B-CB1D-4830-A7B2-A18AAE21396D}
	EndGlobalSection
EndGlobal
